// !$*UTF8*$!
{
	archiveVersion = 1;
	classes = {
	};
	objectVersion = 50;
	objects = {

/* Begin PBXBuildFile section */
		0510CA0B21F96F8000F73E1F /* NukeWrapper.swift in Sources */ = {isa = PBXBuildFile; fileRef = 0510CA0A21F96F8000F73E1F /* NukeWrapper.swift */; };
		0510CA0D21F985C100F73E1F /* LargeTitleView.swift in Sources */ = {isa = PBXBuildFile; fileRef = 0510CA0C21F985C100F73E1F /* LargeTitleView.swift */; };
		0510CA0F21F98B3900F73E1F /* DateFormatter.swift in Sources */ = {isa = PBXBuildFile; fileRef = 0510CA0E21F98B3900F73E1F /* DateFormatter.swift */; };
		0510CA1121F9981800F73E1F /* BorderCoverView.swift in Sources */ = {isa = PBXBuildFile; fileRef = 0510CA1021F9981800F73E1F /* BorderCoverView.swift */; };
		052F7C0021DCC68B00A91B3D /* World.swift in Sources */ = {isa = PBXBuildFile; fileRef = 052F7BFF21DCC68B00A91B3D /* World.swift */; };
		052F7C0221DCC74A00A91B3D /* Cartfile in Resources */ = {isa = PBXBuildFile; fileRef = 052F7C0121DCC74900A91B3D /* Cartfile */; };
		052F7C0721DCC8D300A91B3D /* Mangadex.swift in Sources */ = {isa = PBXBuildFile; fileRef = 052F7C0621DCC8D300A91B3D /* Mangadex.swift */; };
		052F7C3A21DCCB1D00A91B3D /* SwiftIcons.framework in Frameworks */ = {isa = PBXBuildFile; fileRef = 052F7C2E21DCCB1D00A91B3D /* SwiftIcons.framework */; };
		052F7C3C21DCCB1E00A91B3D /* SwiftDate.framework in Frameworks */ = {isa = PBXBuildFile; fileRef = 052F7C3021DCCB1D00A91B3D /* SwiftDate.framework */; };
		052F7C3D21DCCB1E00A91B3D /* PromiseKit.framework in Frameworks */ = {isa = PBXBuildFile; fileRef = 052F7C3121DCCB1D00A91B3D /* PromiseKit.framework */; };
		052F7C3E21DCCB1E00A91B3D /* Realm.framework in Frameworks */ = {isa = PBXBuildFile; fileRef = 052F7C3221DCCB1D00A91B3D /* Realm.framework */; };
		052F7C3F21DCCB1E00A91B3D /* RealmSwift.framework in Frameworks */ = {isa = PBXBuildFile; fileRef = 052F7C3321DCCB1D00A91B3D /* RealmSwift.framework */; };
		052F7C4021DCCB1E00A91B3D /* SwiftSoup.framework in Frameworks */ = {isa = PBXBuildFile; fileRef = 052F7C3421DCCB1D00A91B3D /* SwiftSoup.framework */; };
		052F7C4221DCCB1E00A91B3D /* PMKUIKit.framework in Frameworks */ = {isa = PBXBuildFile; fileRef = 052F7C3621DCCB1D00A91B3D /* PMKUIKit.framework */; };
		052F7C4321DCCB1E00A91B3D /* PMKFoundation.framework in Frameworks */ = {isa = PBXBuildFile; fileRef = 052F7C3721DCCB1D00A91B3D /* PMKFoundation.framework */; };
		052F7C4521DCCB1E00A91B3D /* SwiftHEXColors.framework in Frameworks */ = {isa = PBXBuildFile; fileRef = 052F7C3921DCCB1D00A91B3D /* SwiftHEXColors.framework */; };
		052F7C4A21DCCC0E00A91B3D /* RootViewController.swift in Sources */ = {isa = PBXBuildFile; fileRef = 052F7C4921DCCC0E00A91B3D /* RootViewController.swift */; };
		052F7C4C21DCCCDB00A91B3D /* FeedViewController.swift in Sources */ = {isa = PBXBuildFile; fileRef = 052F7C4B21DCCCDB00A91B3D /* FeedViewController.swift */; };
		052F7C4E21DCCCEF00A91B3D /* LibraryViewController.swift in Sources */ = {isa = PBXBuildFile; fileRef = 052F7C4D21DCCCEF00A91B3D /* LibraryViewController.swift */; };
		052F7C5021DCCCFC00A91B3D /* SearchViewController.swift in Sources */ = {isa = PBXBuildFile; fileRef = 052F7C4F21DCCCFC00A91B3D /* SearchViewController.swift */; };
		052F7C5221DCCD0400A91B3D /* SettingsViewController.swift in Sources */ = {isa = PBXBuildFile; fileRef = 052F7C5121DCCD0400A91B3D /* SettingsViewController.swift */; };
		052F7C5821DCCDC600A91B3D /* Localizable.strings in Resources */ = {isa = PBXBuildFile; fileRef = 052F7C5721DCCDC600A91B3D /* Localizable.strings */; };
		052F7C5B21DCCE7100A91B3D /* String.swift in Sources */ = {isa = PBXBuildFile; fileRef = 052F7C5A21DCCE7100A91B3D /* String.swift */; };
		052F7C7321DDBF5200A91B3D /* MangadexFeed.swift in Sources */ = {isa = PBXBuildFile; fileRef = 052F7C7221DDBF5200A91B3D /* MangadexFeed.swift */; };
		052F7C7621DDE91B00A91B3D /* MangadexGenre.swift in Sources */ = {isa = PBXBuildFile; fileRef = 052F7C7521DDE91B00A91B3D /* MangadexGenre.swift */; };
		052F7C7B21DDEA7C00A91B3D /* XCTest.swift in Sources */ = {isa = PBXBuildFile; fileRef = 052F7C7A21DDEA7C00A91B3D /* XCTest.swift */; };
		052F7C7E21DDEAC300A91B3D /* MangadexFeedTests.swift in Sources */ = {isa = PBXBuildFile; fileRef = 052F7C7D21DDEAC300A91B3D /* MangadexFeedTests.swift */; };
		052F7C8121DDED1900A91B3D /* MangadexFeed.html in Resources */ = {isa = PBXBuildFile; fileRef = 052F7C8021DDED1900A91B3D /* MangadexFeed.html */; };
		052F7C8A21DEFB6400A91B3D /* FeedProtocol.swift in Sources */ = {isa = PBXBuildFile; fileRef = 052F7C8721DEFB6400A91B3D /* FeedProtocol.swift */; };
		052F7C8B21DEFB6400A91B3D /* BasicTitleProtocol.swift in Sources */ = {isa = PBXBuildFile; fileRef = 052F7C8821DEFB6400A91B3D /* BasicTitleProtocol.swift */; };
		052F7C8C21DEFB6400A91B3D /* SectionProtocol.swift in Sources */ = {isa = PBXBuildFile; fileRef = 052F7C8921DEFB6400A91B3D /* SectionProtocol.swift */; };
		052F7CA421DF260A00A91B3D /* FeedViewModel.swift in Sources */ = {isa = PBXBuildFile; fileRef = 052F7CA321DF260A00A91B3D /* FeedViewModel.swift */; };
		052F7CA621DF2EC400A91B3D /* Sources.swift in Sources */ = {isa = PBXBuildFile; fileRef = 052F7CA521DF2EC400A91B3D /* Sources.swift */; };
		052F7CAB21E0658700A91B3D /* FeedViewModelTest.swift in Sources */ = {isa = PBXBuildFile; fileRef = 052F7CAA21E0658700A91B3D /* FeedViewModelTest.swift */; };
		052F7CB921E0DA0700A91B3D /* UIAlertController.swift in Sources */ = {isa = PBXBuildFile; fileRef = 052F7CB821E0DA0700A91B3D /* UIAlertController.swift */; };
		052F7CBC21E33EF500A91B3D /* CarouselViewController.swift in Sources */ = {isa = PBXBuildFile; fileRef = 052F7CBB21E33EF500A91B3D /* CarouselViewController.swift */; };
		052F7CBF21E33F4C00A91B3D /* MangaDot.swift in Sources */ = {isa = PBXBuildFile; fileRef = 052F7CBE21E33F4C00A91B3D /* MangaDot.swift */; };
		052F7CC121E341B000A91B3D /* CarouselCell.swift in Sources */ = {isa = PBXBuildFile; fileRef = 052F7CC021E341B000A91B3D /* CarouselCell.swift */; };
		052F7CC321E3431B00A91B3D /* CarouselViewModel.swift in Sources */ = {isa = PBXBuildFile; fileRef = 052F7CC221E3431B00A91B3D /* CarouselViewModel.swift */; };
		052F7CC821E443C100A91B3D /* Nuke.framework in Frameworks */ = {isa = PBXBuildFile; fileRef = 052F7CC521E4439300A91B3D /* Nuke.framework */; };
		052F7CCC21E4452500A91B3D /* SeparatorView.swift in Sources */ = {isa = PBXBuildFile; fileRef = 052F7CCB21E4452500A91B3D /* SeparatorView.swift */; };
		052F7CCE21E4470C00A91B3D /* SeparatedStackView.swift in Sources */ = {isa = PBXBuildFile; fileRef = 052F7CCD21E4470C00A91B3D /* SeparatedStackView.swift */; };
		052F7CD221E60E2000A91B3D /* ShadowCoverView.swift in Sources */ = {isa = PBXBuildFile; fileRef = 052F7CD121E60E2000A91B3D /* ShadowCoverView.swift */; };
		052F7CD621E60F6000A91B3D /* NukeConfig.swift in Sources */ = {isa = PBXBuildFile; fileRef = 052F7CD521E60F6000A91B3D /* NukeConfig.swift */; };
		052F7CD821E61D9800A91B3D /* CALayer.swift in Sources */ = {isa = PBXBuildFile; fileRef = 052F7CD721E61D9800A91B3D /* CALayer.swift */; };
		052F7CDA21E61DC700A91B3D /* ShadowOptions.swift in Sources */ = {isa = PBXBuildFile; fileRef = 052F7CD921E61DC700A91B3D /* ShadowOptions.swift */; };
		052F7CDC21E61E0E00A91B3D /* DropShadowView.swift in Sources */ = {isa = PBXBuildFile; fileRef = 052F7CDB21E61E0E00A91B3D /* DropShadowView.swift */; };
		052F7CDF21E6248E00A91B3D /* Inset.swift in Sources */ = {isa = PBXBuildFile; fileRef = 052F7CDE21E6248E00A91B3D /* Inset.swift */; };
		052F7CE121E7280A00A91B3D /* StripedStackView.swift in Sources */ = {isa = PBXBuildFile; fileRef = 052F7CE021E7280A00A91B3D /* StripedStackView.swift */; };
		052F7CE921E74E0900A91B3D /* TitleInfoContainerViewController.swift in Sources */ = {isa = PBXBuildFile; fileRef = 052F7CE821E74E0900A91B3D /* TitleInfoContainerViewController.swift */; };
		052F7CEB21E9C59200A91B3D /* MangadexTitleInfo.swift in Sources */ = {isa = PBXBuildFile; fileRef = 052F7CEA21E9C59200A91B3D /* MangadexTitleInfo.swift */; };
		052F7CED21E9C62000A91B3D /* TitleInfoProtocol.swift in Sources */ = {isa = PBXBuildFile; fileRef = 052F7CEC21E9C62000A91B3D /* TitleInfoProtocol.swift */; };
		052F7CEF21E9C70B00A91B3D /* BasicChapterProtocol.swift in Sources */ = {isa = PBXBuildFile; fileRef = 052F7CEE21E9C70B00A91B3D /* BasicChapterProtocol.swift */; };
		052F7CF121EACF0A00A91B3D /* TitleInfoPersist.swift in Sources */ = {isa = PBXBuildFile; fileRef = 052F7CF021EACF0A00A91B3D /* TitleInfoPersist.swift */; };
		052F7CF321EAEB3D00A91B3D /* SortOrder.swift in Sources */ = {isa = PBXBuildFile; fileRef = 052F7CF221EAEB3D00A91B3D /* SortOrder.swift */; };
		052F7CF521EB19FD00A91B3D /* BasicChapterPersist.swift in Sources */ = {isa = PBXBuildFile; fileRef = 052F7CF421EB19FD00A91B3D /* BasicChapterPersist.swift */; };
		052F7CF721EBF64D00A91B3D /* TitleInfoViewModel.swift in Sources */ = {isa = PBXBuildFile; fileRef = 052F7CF621EBF64D00A91B3D /* TitleInfoViewModel.swift */; };
		052F7CF921EBF89300A91B3D /* GradientTableView.swift in Sources */ = {isa = PBXBuildFile; fileRef = 052F7CF821EBF89300A91B3D /* GradientTableView.swift */; };
		052F7CFF21ED631000A91B3D /* TitleInfoSideBarViewController.swift in Sources */ = {isa = PBXBuildFile; fileRef = 052F7CFE21ED631000A91B3D /* TitleInfoSideBarViewController.swift */; };
		052F7D0121EDE2C400A91B3D /* TitleInfoMainViewController.swift in Sources */ = {isa = PBXBuildFile; fileRef = 052F7D0021EDE2C400A91B3D /* TitleInfoMainViewController.swift */; };
		052FEB0F22308D810089185F /* NVActivityIndicatorView.framework in Frameworks */ = {isa = PBXBuildFile; fileRef = 052FEB0E22308D810089185F /* NVActivityIndicatorView.framework */; };
		052FEB1422309DCA0089185F /* SwipeInteractionController.swift in Sources */ = {isa = PBXBuildFile; fileRef = 052FEB1322309DCA0089185F /* SwipeInteractionController.swift */; };
		052FEB172230D17C0089185F /* CloudKit.framework in Frameworks */ = {isa = PBXBuildFile; fileRef = 052FEB162230D17C0089185F /* CloudKit.framework */; };
		052FEB182230D2770089185F /* Yalta.framework in Frameworks */ = {isa = PBXBuildFile; fileRef = 052F7CC421E4439300A91B3D /* Yalta.framework */; };
		052FEB192230D29B0089185F /* IceCream.framework in Frameworks */ = {isa = PBXBuildFile; fileRef = 052F7C2F21DCCB1D00A91B3D /* IceCream.framework */; };
		0533A3B62212EA560062FDDD /* TranslucentView.swift in Sources */ = {isa = PBXBuildFile; fileRef = 0533A3B52212EA560062FDDD /* TranslucentView.swift */; };
		0533A3B82214BC4E0062FDDD /* ReaderViewModel.swift in Sources */ = {isa = PBXBuildFile; fileRef = 0533A3B72214BC4E0062FDDD /* ReaderViewModel.swift */; };
		0533A3BA2215262D0062FDDD /* DetailedChapterProtocol.swift in Sources */ = {isa = PBXBuildFile; fileRef = 0533A3B92215262D0062FDDD /* DetailedChapterProtocol.swift */; };
		0533A3BC221527800062FDDD /* MangadexChapter.swift in Sources */ = {isa = PBXBuildFile; fileRef = 0533A3BB221527800062FDDD /* MangadexChapter.swift */; };
		055006512207BF7C00739EDF /* TitlePresentAnimationController.swift in Sources */ = {isa = PBXBuildFile; fileRef = 055006502207BF7C00739EDF /* TitlePresentAnimationController.swift */; };
		055006532207BF8600739EDF /* TitleDismissAnimationController.swift in Sources */ = {isa = PBXBuildFile; fileRef = 055006522207BF8600739EDF /* TitleDismissAnimationController.swift */; };
		055006552209305F00739EDF /* CarouselParent.swift in Sources */ = {isa = PBXBuildFile; fileRef = 055006542209305F00739EDF /* CarouselParent.swift */; };
		05500657220988B500739EDF /* RoundedTranslucentButton.swift in Sources */ = {isa = PBXBuildFile; fileRef = 05500656220988B500739EDF /* RoundedTranslucentButton.swift */; };
		057EC4012227C62800A46F6E /* ReaderViewController.swift in Sources */ = {isa = PBXBuildFile; fileRef = 057EC4002227C62800A46F6E /* ReaderViewController.swift */; };
		057EC4052227C68D00A46F6E /* ReaderChapterCollectionViewController.swift in Sources */ = {isa = PBXBuildFile; fileRef = 057EC4042227C68D00A46F6E /* ReaderChapterCollectionViewController.swift */; };
		057EC4072228F8FE00A46F6E /* PassThroughTableView.swift in Sources */ = {isa = PBXBuildFile; fileRef = 057EC4062228F8FE00A46F6E /* PassThroughTableView.swift */; };
		057EC40A222B71A600A46F6E /* ReaderPageCell.swift in Sources */ = {isa = PBXBuildFile; fileRef = 057EC409222B71A600A46F6E /* ReaderPageCell.swift */; };
		057EC40F222DEF1400A46F6E /* UIViewController.swift in Sources */ = {isa = PBXBuildFile; fileRef = 057EC40E222DEF1400A46F6E /* UIViewController.swift */; };
		058858BE2231D44300400320 /* ReaderChapterViewModel.swift in Sources */ = {isa = PBXBuildFile; fileRef = 058858BD2231D44300400320 /* ReaderChapterViewModel.swift */; };
		058858C02231D4DD00400320 /* ChapterPersist.swift in Sources */ = {isa = PBXBuildFile; fileRef = 058858BF2231D4DD00400320 /* ChapterPersist.swift */; };
		058858C22231E1E500400320 /* Nuke.swift in Sources */ = {isa = PBXBuildFile; fileRef = 058858C12231E1E500400320 /* Nuke.swift */; };
		059CF91B21D4ED100091B848 /* AppDelegate.swift in Sources */ = {isa = PBXBuildFile; fileRef = 059CF91A21D4ED100091B848 /* AppDelegate.swift */; };
		059CF92221D4ED120091B848 /* Assets.xcassets in Resources */ = {isa = PBXBuildFile; fileRef = 059CF92121D4ED120091B848 /* Assets.xcassets */; };
		059CF92521D4ED120091B848 /* LaunchScreen.storyboard in Resources */ = {isa = PBXBuildFile; fileRef = 059CF92321D4ED120091B848 /* LaunchScreen.storyboard */; };
		059CF93021D4ED120091B848 /* MangaDotTests.swift in Sources */ = {isa = PBXBuildFile; fileRef = 059CF92F21D4ED120091B848 /* MangaDotTests.swift */; };
		05A40B7B21FC62AE0085C2DF /* TagListView.swift in Sources */ = {isa = PBXBuildFile; fileRef = 05A40B7A21FC62AE0085C2DF /* TagListView.swift */; };
		05C2F42F220D5CBD004B0FEF /* TitleInfoChapterCell.swift in Sources */ = {isa = PBXBuildFile; fileRef = 05C2F42E220D5CBD004B0FEF /* TitleInfoChapterCell.swift */; };
		05C2F431220D6843004B0FEF /* ChapterVolumeView.swift in Sources */ = {isa = PBXBuildFile; fileRef = 05C2F430220D6843004B0FEF /* ChapterVolumeView.swift */; };
		05C2F433220E76C6004B0FEF /* FlipBoardView.swift in Sources */ = {isa = PBXBuildFile; fileRef = 05C2F432220E76C6004B0FEF /* FlipBoardView.swift */; };
		05C2F435220F9CBD004B0FEF /* TitleInfoChapterViewModel.swift in Sources */ = {isa = PBXBuildFile; fileRef = 05C2F434220F9CBD004B0FEF /* TitleInfoChapterViewModel.swift */; };
		05C2F437220FDC49004B0FEF /* RoundedButton.swift in Sources */ = {isa = PBXBuildFile; fileRef = 05C2F436220FDC49004B0FEF /* RoundedButton.swift */; };
		05CB5AB321FADA7F008747C0 /* TagView.swift in Sources */ = {isa = PBXBuildFile; fileRef = 05CB5AB221FADA7F008747C0 /* TagView.swift */; };
		05CB5AB521FAE0FD008747C0 /* MangadexTitleInfoTest.swift in Sources */ = {isa = PBXBuildFile; fileRef = 05CB5AB421FAE0FD008747C0 /* MangadexTitleInfoTest.swift */; };
		05CB5AB721FAE19B008747C0 /* MangadexTitleInfo.json in Resources */ = {isa = PBXBuildFile; fileRef = 05CB5AB621FAE19B008747C0 /* MangadexTitleInfo.json */; };
		05CB5AB921FAE25A008747C0 /* Nuke.framework in Frameworks */ = {isa = PBXBuildFile; fileRef = 052F7CC521E4439300A91B3D /* Nuke.framework */; };
		05CB5ABA21FAE25A008747C0 /* PMKFoundation.framework in Frameworks */ = {isa = PBXBuildFile; fileRef = 052F7C3721DCCB1D00A91B3D /* PMKFoundation.framework */; };
		05CB5ABB21FAE25A008747C0 /* PMKUIKit.framework in Frameworks */ = {isa = PBXBuildFile; fileRef = 052F7C3621DCCB1D00A91B3D /* PMKUIKit.framework */; };
		05CB5ABC21FAE25A008747C0 /* PromiseKit.framework in Frameworks */ = {isa = PBXBuildFile; fileRef = 052F7C3121DCCB1D00A91B3D /* PromiseKit.framework */; };
		05CB5ABD21FAE25A008747C0 /* Realm.framework in Frameworks */ = {isa = PBXBuildFile; fileRef = 052F7C3221DCCB1D00A91B3D /* Realm.framework */; };
		05CB5ABE21FAE25A008747C0 /* RealmSwift.framework in Frameworks */ = {isa = PBXBuildFile; fileRef = 052F7C3321DCCB1D00A91B3D /* RealmSwift.framework */; };
		05CB5ABF21FAE25A008747C0 /* SwiftDate.framework in Frameworks */ = {isa = PBXBuildFile; fileRef = 052F7C3021DCCB1D00A91B3D /* SwiftDate.framework */; };
		05CB5AC021FAE25A008747C0 /* SwiftHEXColors.framework in Frameworks */ = {isa = PBXBuildFile; fileRef = 052F7C3921DCCB1D00A91B3D /* SwiftHEXColors.framework */; };
		05CB5AC121FAE25A008747C0 /* SwiftIcons.framework in Frameworks */ = {isa = PBXBuildFile; fileRef = 052F7C2E21DCCB1D00A91B3D /* SwiftIcons.framework */; };
		05CB5AC221FAE25A008747C0 /* SwiftSoup.framework in Frameworks */ = {isa = PBXBuildFile; fileRef = 052F7C3421DCCB1D00A91B3D /* SwiftSoup.framework */; };
		05CB5AC321FAE25A008747C0 /* Yalta.framework in Frameworks */ = {isa = PBXBuildFile; fileRef = 052F7CC421E4439300A91B3D /* Yalta.framework */; };
/* End PBXBuildFile section */

/* Begin PBXContainerItemProxy section */
		059CF92C21D4ED120091B848 /* PBXContainerItemProxy */ = {
			isa = PBXContainerItemProxy;
			containerPortal = 059CF90F21D4ED100091B848 /* Project object */;
			proxyType = 1;
			remoteGlobalIDString = 059CF91621D4ED100091B848;
			remoteInfo = MangaDot;
		};
/* End PBXContainerItemProxy section */

/* Begin PBXFileReference section */
		0510CA0A21F96F8000F73E1F /* NukeWrapper.swift */ = {isa = PBXFileReference; lastKnownFileType = sourcecode.swift; path = NukeWrapper.swift; sourceTree = "<group>"; };
		0510CA0C21F985C100F73E1F /* LargeTitleView.swift */ = {isa = PBXFileReference; lastKnownFileType = sourcecode.swift; path = LargeTitleView.swift; sourceTree = "<group>"; };
		0510CA0E21F98B3900F73E1F /* DateFormatter.swift */ = {isa = PBXFileReference; lastKnownFileType = sourcecode.swift; path = DateFormatter.swift; sourceTree = "<group>"; };
		0510CA1021F9981800F73E1F /* BorderCoverView.swift */ = {isa = PBXFileReference; lastKnownFileType = sourcecode.swift; path = BorderCoverView.swift; sourceTree = "<group>"; };
		052F7BFF21DCC68B00A91B3D /* World.swift */ = {isa = PBXFileReference; lastKnownFileType = sourcecode.swift; path = World.swift; sourceTree = "<group>"; };
		052F7C0121DCC74900A91B3D /* Cartfile */ = {isa = PBXFileReference; fileEncoding = 4; lastKnownFileType = text; path = Cartfile; sourceTree = "<group>"; };
		052F7C0621DCC8D300A91B3D /* Mangadex.swift */ = {isa = PBXFileReference; lastKnownFileType = sourcecode.swift; path = Mangadex.swift; sourceTree = "<group>"; };
		052F7C2E21DCCB1D00A91B3D /* SwiftIcons.framework */ = {isa = PBXFileReference; lastKnownFileType = wrapper.framework; name = SwiftIcons.framework; path = Carthage/Build/iOS/SwiftIcons.framework; sourceTree = SOURCE_ROOT; };
		052F7C2F21DCCB1D00A91B3D /* IceCream.framework */ = {isa = PBXFileReference; lastKnownFileType = wrapper.framework; name = IceCream.framework; path = Carthage/Build/iOS/IceCream.framework; sourceTree = SOURCE_ROOT; };
		052F7C3021DCCB1D00A91B3D /* SwiftDate.framework */ = {isa = PBXFileReference; lastKnownFileType = wrapper.framework; name = SwiftDate.framework; path = Carthage/Build/iOS/SwiftDate.framework; sourceTree = SOURCE_ROOT; };
		052F7C3121DCCB1D00A91B3D /* PromiseKit.framework */ = {isa = PBXFileReference; lastKnownFileType = wrapper.framework; name = PromiseKit.framework; path = Carthage/Build/iOS/PromiseKit.framework; sourceTree = SOURCE_ROOT; };
		052F7C3221DCCB1D00A91B3D /* Realm.framework */ = {isa = PBXFileReference; lastKnownFileType = wrapper.framework; name = Realm.framework; path = Carthage/Build/iOS/Realm.framework; sourceTree = SOURCE_ROOT; };
		052F7C3321DCCB1D00A91B3D /* RealmSwift.framework */ = {isa = PBXFileReference; lastKnownFileType = wrapper.framework; name = RealmSwift.framework; path = Carthage/Build/iOS/RealmSwift.framework; sourceTree = SOURCE_ROOT; };
		052F7C3421DCCB1D00A91B3D /* SwiftSoup.framework */ = {isa = PBXFileReference; lastKnownFileType = wrapper.framework; name = SwiftSoup.framework; path = Carthage/Build/iOS/SwiftSoup.framework; sourceTree = SOURCE_ROOT; };
		052F7C3621DCCB1D00A91B3D /* PMKUIKit.framework */ = {isa = PBXFileReference; lastKnownFileType = wrapper.framework; name = PMKUIKit.framework; path = Carthage/Build/iOS/PMKUIKit.framework; sourceTree = SOURCE_ROOT; };
		052F7C3721DCCB1D00A91B3D /* PMKFoundation.framework */ = {isa = PBXFileReference; lastKnownFileType = wrapper.framework; name = PMKFoundation.framework; path = Carthage/Build/iOS/PMKFoundation.framework; sourceTree = SOURCE_ROOT; };
		052F7C3921DCCB1D00A91B3D /* SwiftHEXColors.framework */ = {isa = PBXFileReference; lastKnownFileType = wrapper.framework; name = SwiftHEXColors.framework; path = Carthage/Build/iOS/SwiftHEXColors.framework; sourceTree = SOURCE_ROOT; };
		052F7C4921DCCC0E00A91B3D /* RootViewController.swift */ = {isa = PBXFileReference; lastKnownFileType = sourcecode.swift; path = RootViewController.swift; sourceTree = "<group>"; };
		052F7C4B21DCCCDB00A91B3D /* FeedViewController.swift */ = {isa = PBXFileReference; lastKnownFileType = sourcecode.swift; path = FeedViewController.swift; sourceTree = "<group>"; };
		052F7C4D21DCCCEF00A91B3D /* LibraryViewController.swift */ = {isa = PBXFileReference; lastKnownFileType = sourcecode.swift; path = LibraryViewController.swift; sourceTree = "<group>"; };
		052F7C4F21DCCCFC00A91B3D /* SearchViewController.swift */ = {isa = PBXFileReference; lastKnownFileType = sourcecode.swift; path = SearchViewController.swift; sourceTree = "<group>"; };
		052F7C5121DCCD0400A91B3D /* SettingsViewController.swift */ = {isa = PBXFileReference; lastKnownFileType = sourcecode.swift; path = SettingsViewController.swift; sourceTree = "<group>"; };
		052F7C5721DCCDC600A91B3D /* Localizable.strings */ = {isa = PBXFileReference; lastKnownFileType = text.plist.strings; path = Localizable.strings; sourceTree = "<group>"; };
		052F7C5A21DCCE7100A91B3D /* String.swift */ = {isa = PBXFileReference; lastKnownFileType = sourcecode.swift; path = String.swift; sourceTree = "<group>"; };
		052F7C7221DDBF5200A91B3D /* MangadexFeed.swift */ = {isa = PBXFileReference; lastKnownFileType = sourcecode.swift; path = MangadexFeed.swift; sourceTree = "<group>"; };
		052F7C7521DDE91B00A91B3D /* MangadexGenre.swift */ = {isa = PBXFileReference; lastKnownFileType = sourcecode.swift; path = MangadexGenre.swift; sourceTree = "<group>"; };
		052F7C7A21DDEA7C00A91B3D /* XCTest.swift */ = {isa = PBXFileReference; lastKnownFileType = sourcecode.swift; path = XCTest.swift; sourceTree = "<group>"; };
		052F7C7D21DDEAC300A91B3D /* MangadexFeedTests.swift */ = {isa = PBXFileReference; lastKnownFileType = sourcecode.swift; path = MangadexFeedTests.swift; sourceTree = "<group>"; };
		052F7C8021DDED1900A91B3D /* MangadexFeed.html */ = {isa = PBXFileReference; fileEncoding = 4; lastKnownFileType = text.html; path = MangadexFeed.html; sourceTree = "<group>"; };
		052F7C8721DEFB6400A91B3D /* FeedProtocol.swift */ = {isa = PBXFileReference; fileEncoding = 4; lastKnownFileType = sourcecode.swift; path = FeedProtocol.swift; sourceTree = "<group>"; };
		052F7C8821DEFB6400A91B3D /* BasicTitleProtocol.swift */ = {isa = PBXFileReference; fileEncoding = 4; lastKnownFileType = sourcecode.swift; path = BasicTitleProtocol.swift; sourceTree = "<group>"; };
		052F7C8921DEFB6400A91B3D /* SectionProtocol.swift */ = {isa = PBXFileReference; fileEncoding = 4; lastKnownFileType = sourcecode.swift; path = SectionProtocol.swift; sourceTree = "<group>"; };
		052F7CA321DF260A00A91B3D /* FeedViewModel.swift */ = {isa = PBXFileReference; lastKnownFileType = sourcecode.swift; path = FeedViewModel.swift; sourceTree = "<group>"; };
		052F7CA521DF2EC400A91B3D /* Sources.swift */ = {isa = PBXFileReference; lastKnownFileType = sourcecode.swift; path = Sources.swift; sourceTree = "<group>"; };
		052F7CAA21E0658700A91B3D /* FeedViewModelTest.swift */ = {isa = PBXFileReference; lastKnownFileType = sourcecode.swift; path = FeedViewModelTest.swift; sourceTree = "<group>"; };
		052F7CB821E0DA0700A91B3D /* UIAlertController.swift */ = {isa = PBXFileReference; lastKnownFileType = sourcecode.swift; path = UIAlertController.swift; sourceTree = "<group>"; };
		052F7CBB21E33EF500A91B3D /* CarouselViewController.swift */ = {isa = PBXFileReference; lastKnownFileType = sourcecode.swift; path = CarouselViewController.swift; sourceTree = "<group>"; };
		052F7CBE21E33F4C00A91B3D /* MangaDot.swift */ = {isa = PBXFileReference; lastKnownFileType = sourcecode.swift; path = MangaDot.swift; sourceTree = "<group>"; };
		052F7CC021E341B000A91B3D /* CarouselCell.swift */ = {isa = PBXFileReference; lastKnownFileType = sourcecode.swift; path = CarouselCell.swift; sourceTree = "<group>"; };
		052F7CC221E3431B00A91B3D /* CarouselViewModel.swift */ = {isa = PBXFileReference; lastKnownFileType = sourcecode.swift; path = CarouselViewModel.swift; sourceTree = "<group>"; };
		052F7CC421E4439300A91B3D /* Yalta.framework */ = {isa = PBXFileReference; lastKnownFileType = wrapper.framework; name = Yalta.framework; path = Carthage/Build/iOS/Yalta.framework; sourceTree = SOURCE_ROOT; };
		052F7CC521E4439300A91B3D /* Nuke.framework */ = {isa = PBXFileReference; lastKnownFileType = wrapper.framework; name = Nuke.framework; path = Carthage/Build/iOS/Nuke.framework; sourceTree = SOURCE_ROOT; };
		052F7CCB21E4452500A91B3D /* SeparatorView.swift */ = {isa = PBXFileReference; lastKnownFileType = sourcecode.swift; path = SeparatorView.swift; sourceTree = "<group>"; };
		052F7CCD21E4470C00A91B3D /* SeparatedStackView.swift */ = {isa = PBXFileReference; lastKnownFileType = sourcecode.swift; path = SeparatedStackView.swift; sourceTree = "<group>"; };
		052F7CD121E60E2000A91B3D /* ShadowCoverView.swift */ = {isa = PBXFileReference; lastKnownFileType = sourcecode.swift; path = ShadowCoverView.swift; sourceTree = "<group>"; };
		052F7CD521E60F6000A91B3D /* NukeConfig.swift */ = {isa = PBXFileReference; lastKnownFileType = sourcecode.swift; path = NukeConfig.swift; sourceTree = "<group>"; };
		052F7CD721E61D9800A91B3D /* CALayer.swift */ = {isa = PBXFileReference; lastKnownFileType = sourcecode.swift; path = CALayer.swift; sourceTree = "<group>"; };
		052F7CD921E61DC700A91B3D /* ShadowOptions.swift */ = {isa = PBXFileReference; lastKnownFileType = sourcecode.swift; path = ShadowOptions.swift; sourceTree = "<group>"; };
		052F7CDB21E61E0E00A91B3D /* DropShadowView.swift */ = {isa = PBXFileReference; lastKnownFileType = sourcecode.swift; path = DropShadowView.swift; sourceTree = "<group>"; };
		052F7CDE21E6248E00A91B3D /* Inset.swift */ = {isa = PBXFileReference; lastKnownFileType = sourcecode.swift; path = Inset.swift; sourceTree = "<group>"; };
		052F7CE021E7280A00A91B3D /* StripedStackView.swift */ = {isa = PBXFileReference; lastKnownFileType = sourcecode.swift; path = StripedStackView.swift; sourceTree = "<group>"; };
		052F7CE821E74E0900A91B3D /* TitleInfoContainerViewController.swift */ = {isa = PBXFileReference; lastKnownFileType = sourcecode.swift; path = TitleInfoContainerViewController.swift; sourceTree = "<group>"; };
		052F7CEA21E9C59200A91B3D /* MangadexTitleInfo.swift */ = {isa = PBXFileReference; lastKnownFileType = sourcecode.swift; path = MangadexTitleInfo.swift; sourceTree = "<group>"; };
		052F7CEC21E9C62000A91B3D /* TitleInfoProtocol.swift */ = {isa = PBXFileReference; lastKnownFileType = sourcecode.swift; path = TitleInfoProtocol.swift; sourceTree = "<group>"; };
		052F7CEE21E9C70B00A91B3D /* BasicChapterProtocol.swift */ = {isa = PBXFileReference; lastKnownFileType = sourcecode.swift; path = BasicChapterProtocol.swift; sourceTree = "<group>"; };
		052F7CF021EACF0A00A91B3D /* TitleInfoPersist.swift */ = {isa = PBXFileReference; lastKnownFileType = sourcecode.swift; path = TitleInfoPersist.swift; sourceTree = "<group>"; };
		052F7CF221EAEB3D00A91B3D /* SortOrder.swift */ = {isa = PBXFileReference; lastKnownFileType = sourcecode.swift; path = SortOrder.swift; sourceTree = "<group>"; };
		052F7CF421EB19FD00A91B3D /* BasicChapterPersist.swift */ = {isa = PBXFileReference; lastKnownFileType = sourcecode.swift; path = BasicChapterPersist.swift; sourceTree = "<group>"; };
		052F7CF621EBF64D00A91B3D /* TitleInfoViewModel.swift */ = {isa = PBXFileReference; lastKnownFileType = sourcecode.swift; path = TitleInfoViewModel.swift; sourceTree = "<group>"; };
		052F7CF821EBF89300A91B3D /* GradientTableView.swift */ = {isa = PBXFileReference; lastKnownFileType = sourcecode.swift; path = GradientTableView.swift; sourceTree = "<group>"; };
		052F7CFE21ED631000A91B3D /* TitleInfoSideBarViewController.swift */ = {isa = PBXFileReference; lastKnownFileType = sourcecode.swift; path = TitleInfoSideBarViewController.swift; sourceTree = "<group>"; };
		052F7D0021EDE2C400A91B3D /* TitleInfoMainViewController.swift */ = {isa = PBXFileReference; lastKnownFileType = sourcecode.swift; path = TitleInfoMainViewController.swift; sourceTree = "<group>"; };
		052FEB0E22308D810089185F /* NVActivityIndicatorView.framework */ = {isa = PBXFileReference; lastKnownFileType = wrapper.framework; name = NVActivityIndicatorView.framework; path = Carthage/Build/iOS/NVActivityIndicatorView.framework; sourceTree = SOURCE_ROOT; };
		052FEB1022308D850089185F /* NVActivityIndicatorViewAppExtension.framework */ = {isa = PBXFileReference; lastKnownFileType = wrapper.framework; name = NVActivityIndicatorViewAppExtension.framework; path = Carthage/Build/iOS/NVActivityIndicatorViewAppExtension.framework; sourceTree = SOURCE_ROOT; };
		052FEB1322309DCA0089185F /* SwipeInteractionController.swift */ = {isa = PBXFileReference; lastKnownFileType = sourcecode.swift; path = SwipeInteractionController.swift; sourceTree = "<group>"; };
		052FEB152230D1770089185F /* MangaDot.entitlements */ = {isa = PBXFileReference; lastKnownFileType = text.plist.entitlements; path = MangaDot.entitlements; sourceTree = "<group>"; };
		052FEB162230D17C0089185F /* CloudKit.framework */ = {isa = PBXFileReference; lastKnownFileType = wrapper.framework; name = CloudKit.framework; path = System/Library/Frameworks/CloudKit.framework; sourceTree = SDKROOT; };
		0533A3B52212EA560062FDDD /* TranslucentView.swift */ = {isa = PBXFileReference; lastKnownFileType = sourcecode.swift; path = TranslucentView.swift; sourceTree = "<group>"; };
		0533A3B72214BC4E0062FDDD /* ReaderViewModel.swift */ = {isa = PBXFileReference; lastKnownFileType = sourcecode.swift; path = ReaderViewModel.swift; sourceTree = "<group>"; };
		0533A3B92215262D0062FDDD /* DetailedChapterProtocol.swift */ = {isa = PBXFileReference; lastKnownFileType = sourcecode.swift; path = DetailedChapterProtocol.swift; sourceTree = "<group>"; };
		0533A3BB221527800062FDDD /* MangadexChapter.swift */ = {isa = PBXFileReference; lastKnownFileType = sourcecode.swift; path = MangadexChapter.swift; sourceTree = "<group>"; };
		055006502207BF7C00739EDF /* TitlePresentAnimationController.swift */ = {isa = PBXFileReference; lastKnownFileType = sourcecode.swift; path = TitlePresentAnimationController.swift; sourceTree = "<group>"; };
		055006522207BF8600739EDF /* TitleDismissAnimationController.swift */ = {isa = PBXFileReference; lastKnownFileType = sourcecode.swift; path = TitleDismissAnimationController.swift; sourceTree = "<group>"; };
		055006542209305F00739EDF /* CarouselParent.swift */ = {isa = PBXFileReference; lastKnownFileType = sourcecode.swift; path = CarouselParent.swift; sourceTree = "<group>"; };
		05500656220988B500739EDF /* RoundedTranslucentButton.swift */ = {isa = PBXFileReference; lastKnownFileType = sourcecode.swift; path = RoundedTranslucentButton.swift; sourceTree = "<group>"; };
		057EC4002227C62800A46F6E /* ReaderViewController.swift */ = {isa = PBXFileReference; lastKnownFileType = sourcecode.swift; path = ReaderViewController.swift; sourceTree = "<group>"; };
		057EC4042227C68D00A46F6E /* ReaderChapterCollectionViewController.swift */ = {isa = PBXFileReference; lastKnownFileType = sourcecode.swift; path = ReaderChapterCollectionViewController.swift; sourceTree = "<group>"; };
		057EC4062228F8FE00A46F6E /* PassThroughTableView.swift */ = {isa = PBXFileReference; lastKnownFileType = sourcecode.swift; path = PassThroughTableView.swift; sourceTree = "<group>"; };
		057EC409222B71A600A46F6E /* ReaderPageCell.swift */ = {isa = PBXFileReference; lastKnownFileType = sourcecode.swift; path = ReaderPageCell.swift; sourceTree = "<group>"; };
		057EC40E222DEF1400A46F6E /* UIViewController.swift */ = {isa = PBXFileReference; lastKnownFileType = sourcecode.swift; path = UIViewController.swift; sourceTree = "<group>"; };
		058858BD2231D44300400320 /* ReaderChapterViewModel.swift */ = {isa = PBXFileReference; lastKnownFileType = sourcecode.swift; path = ReaderChapterViewModel.swift; sourceTree = "<group>"; };
		058858BF2231D4DD00400320 /* ChapterPersist.swift */ = {isa = PBXFileReference; lastKnownFileType = sourcecode.swift; path = ChapterPersist.swift; sourceTree = "<group>"; };
		058858C12231E1E500400320 /* Nuke.swift */ = {isa = PBXFileReference; lastKnownFileType = sourcecode.swift; path = Nuke.swift; sourceTree = "<group>"; };
		059CF91721D4ED100091B848 /* MangaDot.app */ = {isa = PBXFileReference; explicitFileType = wrapper.application; includeInIndex = 0; path = MangaDot.app; sourceTree = BUILT_PRODUCTS_DIR; };
		059CF91A21D4ED100091B848 /* AppDelegate.swift */ = {isa = PBXFileReference; lastKnownFileType = sourcecode.swift; path = AppDelegate.swift; sourceTree = "<group>"; };
		059CF92121D4ED120091B848 /* Assets.xcassets */ = {isa = PBXFileReference; lastKnownFileType = folder.assetcatalog; path = Assets.xcassets; sourceTree = "<group>"; };
		059CF92421D4ED120091B848 /* Base */ = {isa = PBXFileReference; lastKnownFileType = file.storyboard; name = Base; path = Base.lproj/LaunchScreen.storyboard; sourceTree = "<group>"; };
		059CF92621D4ED120091B848 /* Info.plist */ = {isa = PBXFileReference; lastKnownFileType = text.plist.xml; path = Info.plist; sourceTree = "<group>"; };
		059CF92B21D4ED120091B848 /* MangaDotTests.xctest */ = {isa = PBXFileReference; explicitFileType = wrapper.cfbundle; includeInIndex = 0; path = MangaDotTests.xctest; sourceTree = BUILT_PRODUCTS_DIR; };
		059CF92F21D4ED120091B848 /* MangaDotTests.swift */ = {isa = PBXFileReference; lastKnownFileType = sourcecode.swift; path = MangaDotTests.swift; sourceTree = "<group>"; };
		059CF93121D4ED120091B848 /* Info.plist */ = {isa = PBXFileReference; lastKnownFileType = text.plist.xml; path = Info.plist; sourceTree = "<group>"; };
		05A40B7A21FC62AE0085C2DF /* TagListView.swift */ = {isa = PBXFileReference; lastKnownFileType = sourcecode.swift; path = TagListView.swift; sourceTree = "<group>"; };
		05C2F42E220D5CBD004B0FEF /* TitleInfoChapterCell.swift */ = {isa = PBXFileReference; lastKnownFileType = sourcecode.swift; path = TitleInfoChapterCell.swift; sourceTree = "<group>"; };
		05C2F430220D6843004B0FEF /* ChapterVolumeView.swift */ = {isa = PBXFileReference; lastKnownFileType = sourcecode.swift; path = ChapterVolumeView.swift; sourceTree = "<group>"; };
		05C2F432220E76C6004B0FEF /* FlipBoardView.swift */ = {isa = PBXFileReference; lastKnownFileType = sourcecode.swift; path = FlipBoardView.swift; sourceTree = "<group>"; };
		05C2F434220F9CBD004B0FEF /* TitleInfoChapterViewModel.swift */ = {isa = PBXFileReference; lastKnownFileType = sourcecode.swift; path = TitleInfoChapterViewModel.swift; sourceTree = "<group>"; };
		05C2F436220FDC49004B0FEF /* RoundedButton.swift */ = {isa = PBXFileReference; lastKnownFileType = sourcecode.swift; path = RoundedButton.swift; sourceTree = "<group>"; };
		05CB5AB221FADA7F008747C0 /* TagView.swift */ = {isa = PBXFileReference; lastKnownFileType = sourcecode.swift; path = TagView.swift; sourceTree = "<group>"; };
		05CB5AB421FAE0FD008747C0 /* MangadexTitleInfoTest.swift */ = {isa = PBXFileReference; lastKnownFileType = sourcecode.swift; path = MangadexTitleInfoTest.swift; sourceTree = "<group>"; };
		05CB5AB621FAE19B008747C0 /* MangadexTitleInfo.json */ = {isa = PBXFileReference; fileEncoding = 4; lastKnownFileType = text.json; path = MangadexTitleInfo.json; sourceTree = "<group>"; };
/* End PBXFileReference section */

/* Begin PBXFrameworksBuildPhase section */
		059CF91421D4ED100091B848 /* Frameworks */ = {
			isa = PBXFrameworksBuildPhase;
			buildActionMask = 2147483647;
			files = (
				052F7C3A21DCCB1D00A91B3D /* SwiftIcons.framework in Frameworks */,
				052F7C3C21DCCB1E00A91B3D /* SwiftDate.framework in Frameworks */,
				052F7C3D21DCCB1E00A91B3D /* PromiseKit.framework in Frameworks */,
				052F7C3E21DCCB1E00A91B3D /* Realm.framework in Frameworks */,
				052F7C3F21DCCB1E00A91B3D /* RealmSwift.framework in Frameworks */,
				052F7C4021DCCB1E00A91B3D /* SwiftSoup.framework in Frameworks */,
				052F7C4221DCCB1E00A91B3D /* PMKUIKit.framework in Frameworks */,
				052F7C4321DCCB1E00A91B3D /* PMKFoundation.framework in Frameworks */,
				052FEB172230D17C0089185F /* CloudKit.framework in Frameworks */,
				052F7C4521DCCB1E00A91B3D /* SwiftHEXColors.framework in Frameworks */,
				052F7CC821E443C100A91B3D /* Nuke.framework in Frameworks */,
				052FEB182230D2770089185F /* Yalta.framework in Frameworks */,
				052FEB192230D29B0089185F /* IceCream.framework in Frameworks */,
				052FEB0F22308D810089185F /* NVActivityIndicatorView.framework in Frameworks */,
			);
			runOnlyForDeploymentPostprocessing = 0;
		};
		059CF92821D4ED120091B848 /* Frameworks */ = {
			isa = PBXFrameworksBuildPhase;
			buildActionMask = 2147483647;
			files = (
				05CB5AB921FAE25A008747C0 /* Nuke.framework in Frameworks */,
				05CB5ABA21FAE25A008747C0 /* PMKFoundation.framework in Frameworks */,
				05CB5ABB21FAE25A008747C0 /* PMKUIKit.framework in Frameworks */,
				05CB5ABC21FAE25A008747C0 /* PromiseKit.framework in Frameworks */,
				05CB5ABD21FAE25A008747C0 /* Realm.framework in Frameworks */,
				05CB5ABE21FAE25A008747C0 /* RealmSwift.framework in Frameworks */,
				05CB5ABF21FAE25A008747C0 /* SwiftDate.framework in Frameworks */,
				05CB5AC021FAE25A008747C0 /* SwiftHEXColors.framework in Frameworks */,
				05CB5AC121FAE25A008747C0 /* SwiftIcons.framework in Frameworks */,
				05CB5AC221FAE25A008747C0 /* SwiftSoup.framework in Frameworks */,
				05CB5AC321FAE25A008747C0 /* Yalta.framework in Frameworks */,
			);
			runOnlyForDeploymentPostprocessing = 0;
		};
/* End PBXFrameworksBuildPhase section */

/* Begin PBXGroup section */
		052F7BFE21DCC68400A91B3D /* World */ = {
			isa = PBXGroup;
			children = (
				052F7CD421E60F4B00A91B3D /* Nuke Config */,
				052F7BFF21DCC68B00A91B3D /* World.swift */,
				0510CA0E21F98B3900F73E1F /* DateFormatter.swift */,
				0510CA0A21F96F8000F73E1F /* NukeWrapper.swift */,
			);
			path = World;
			sourceTree = "<group>";
		};
		052F7C0421DCC8AE00A91B3D /* Source */ = {
			isa = PBXGroup;
			children = (
				052F7CA521DF2EC400A91B3D /* Sources.swift */,
				052F7C0521DCC8C600A91B3D /* Mangadex */,
			);
			path = Source;
			sourceTree = "<group>";
		};
		052F7C0521DCC8C600A91B3D /* Mangadex */ = {
			isa = PBXGroup;
			children = (
				052F7C0621DCC8D300A91B3D /* Mangadex.swift */,
				052F7C7221DDBF5200A91B3D /* MangadexFeed.swift */,
				052F7CEA21E9C59200A91B3D /* MangadexTitleInfo.swift */,
				0533A3BB221527800062FDDD /* MangadexChapter.swift */,
				052F7C7521DDE91B00A91B3D /* MangadexGenre.swift */,
			);
			path = Mangadex;
			sourceTree = "<group>";
		};
		052F7C2D21DCCA9D00A91B3D /* Frameworks */ = {
			isa = PBXGroup;
			children = (
				052FEB162230D17C0089185F /* CloudKit.framework */,
				052FEB1022308D850089185F /* NVActivityIndicatorViewAppExtension.framework */,
				052FEB0E22308D810089185F /* NVActivityIndicatorView.framework */,
				052F7CC521E4439300A91B3D /* Nuke.framework */,
				052F7CC421E4439300A91B3D /* Yalta.framework */,
				052F7C2F21DCCB1D00A91B3D /* IceCream.framework */,
				052F7C3721DCCB1D00A91B3D /* PMKFoundation.framework */,
				052F7C3621DCCB1D00A91B3D /* PMKUIKit.framework */,
				052F7C3121DCCB1D00A91B3D /* PromiseKit.framework */,
				052F7C3221DCCB1D00A91B3D /* Realm.framework */,
				052F7C3321DCCB1D00A91B3D /* RealmSwift.framework */,
				052F7C3021DCCB1D00A91B3D /* SwiftDate.framework */,
				052F7C3921DCCB1D00A91B3D /* SwiftHEXColors.framework */,
				052F7C2E21DCCB1D00A91B3D /* SwiftIcons.framework */,
				052F7C3421DCCB1D00A91B3D /* SwiftSoup.framework */,
			);
			path = Frameworks;
			sourceTree = "<group>";
		};
		052F7C4621DCCBAE00A91B3D /* Application Delegate */ = {
			isa = PBXGroup;
			children = (
				059CF91A21D4ED100091B848 /* AppDelegate.swift */,
			);
			path = "Application Delegate";
			sourceTree = "<group>";
		};
		052F7C5521DCCD8300A91B3D /* Resources */ = {
			isa = PBXGroup;
			children = (
				052F7C5621DCCD8B00A91B3D /* Localization */,
			);
			path = Resources;
			sourceTree = "<group>";
		};
		052F7C5621DCCD8B00A91B3D /* Localization */ = {
			isa = PBXGroup;
			children = (
				052F7C5721DCCDC600A91B3D /* Localizable.strings */,
			);
			path = Localization;
			sourceTree = "<group>";
		};
		052F7C5921DCCE5E00A91B3D /* Extensions */ = {
			isa = PBXGroup;
			children = (
				052F7C5A21DCCE7100A91B3D /* String.swift */,
				057EC40E222DEF1400A46F6E /* UIViewController.swift */,
				052F7CB821E0DA0700A91B3D /* UIAlertController.swift */,
				052F7CD721E61D9800A91B3D /* CALayer.swift */,
				058858C12231E1E500400320 /* Nuke.swift */,
			);
			path = Extensions;
			sourceTree = "<group>";
		};
		052F7C7721DDEA4500A91B3D /* Test Cases */ = {
			isa = PBXGroup;
			children = (
				052F7CA721E0655800A91B3D /* Feed */,
				052F7C7C21DDEAB300A91B3D /* Mangadex */,
			);
			path = "Test Cases";
			sourceTree = "<group>";
		};
		052F7C7821DDEA5800A91B3D /* Stubs */ = {
			isa = PBXGroup;
			children = (
				052F7C8021DDED1900A91B3D /* MangadexFeed.html */,
				05CB5AB621FAE19B008747C0 /* MangadexTitleInfo.json */,
			);
			path = Stubs;
			sourceTree = "<group>";
		};
		052F7C7921DDEA6D00A91B3D /* Extensions */ = {
			isa = PBXGroup;
			children = (
				052F7C7A21DDEA7C00A91B3D /* XCTest.swift */,
			);
			path = Extensions;
			sourceTree = "<group>";
		};
		052F7C7C21DDEAB300A91B3D /* Mangadex */ = {
			isa = PBXGroup;
			children = (
				052F7C7D21DDEAC300A91B3D /* MangadexFeedTests.swift */,
				05CB5AB421FAE0FD008747C0 /* MangadexTitleInfoTest.swift */,
			);
			path = Mangadex;
			sourceTree = "<group>";
		};
		052F7C8221DEFAAC00A91B3D /* Feed */ = {
			isa = PBXGroup;
			children = (
				05A40B8022003F280085C2DF /* Transitions */,
				052F7C8421DEFAD800A91B3D /* Models */,
				052F7C8621DEFB6400A91B3D /* Protocols */,
				052F7C8321DEFAC600A91B3D /* View Controllers */,
				052F7C8521DEFADD00A91B3D /* View Models */,
				052F7CBA21E33EAF00A91B3D /* Views */,
			);
			path = Feed;
			sourceTree = "<group>";
		};
		052F7C8321DEFAC600A91B3D /* View Controllers */ = {
			isa = PBXGroup;
			children = (
				052F7C4B21DCCCDB00A91B3D /* FeedViewController.swift */,
				052F7CBB21E33EF500A91B3D /* CarouselViewController.swift */,
			);
			path = "View Controllers";
			sourceTree = "<group>";
		};
		052F7C8421DEFAD800A91B3D /* Models */ = {
			isa = PBXGroup;
			children = (
			);
			path = Models;
			sourceTree = "<group>";
		};
		052F7C8521DEFADD00A91B3D /* View Models */ = {
			isa = PBXGroup;
			children = (
				052F7CA321DF260A00A91B3D /* FeedViewModel.swift */,
				052F7CC221E3431B00A91B3D /* CarouselViewModel.swift */,
			);
			path = "View Models";
			sourceTree = "<group>";
		};
		052F7C8621DEFB6400A91B3D /* Protocols */ = {
			isa = PBXGroup;
			children = (
				052F7C8721DEFB6400A91B3D /* FeedProtocol.swift */,
				052F7C8821DEFB6400A91B3D /* BasicTitleProtocol.swift */,
				052F7C8921DEFB6400A91B3D /* SectionProtocol.swift */,
				055006542209305F00739EDF /* CarouselParent.swift */,
			);
			path = Protocols;
			sourceTree = "<group>";
		};
		052F7C8D21DEFB8D00A91B3D /* Search */ = {
			isa = PBXGroup;
			children = (
				052F7C9C21DEFEC600A91B3D /* Controllers */,
				052F7C9E21DEFEC600A91B3D /* Models */,
				052F7C9B21DEFEC600A91B3D /* Protocols */,
				052F7C9D21DEFEC600A91B3D /* View Models */,
			);
			path = Search;
			sourceTree = "<group>";
		};
		052F7C8E21DEFB8E00A91B3D /* Settings */ = {
			isa = PBXGroup;
			children = (
				052F7CA021DEFECF00A91B3D /* Controllers */,
				052F7CA121DEFECF00A91B3D /* Models */,
				052F7C9F21DEFECF00A91B3D /* Protocols */,
				052F7CA221DEFECF00A91B3D /* View Models */,
			);
			path = Settings;
			sourceTree = "<group>";
		};
		052F7C8F21DEFB8E00A91B3D /* Library */ = {
			isa = PBXGroup;
			children = (
				052F7C9921DEFEBE00A91B3D /* Controllers */,
				052F7C9721DEFEBE00A91B3D /* Models */,
				052F7C9A21DEFEBE00A91B3D /* Protocols */,
				052F7C9821DEFEBE00A91B3D /* View Models */,
			);
			path = Library;
			sourceTree = "<group>";
		};
		052F7C9021DEFB9E00A91B3D /* Root */ = {
			isa = PBXGroup;
			children = (
				052F7C4921DCCC0E00A91B3D /* RootViewController.swift */,
			);
			path = Root;
			sourceTree = "<group>";
		};
		052F7C9121DEFCEC00A91B3D /* App */ = {
			isa = PBXGroup;
			children = (
				059CF92621D4ED120091B848 /* Info.plist */,
				059CF92321D4ED120091B848 /* LaunchScreen.storyboard */,
				059CF92121D4ED120091B848 /* Assets.xcassets */,
				052F7C4621DCCBAE00A91B3D /* Application Delegate */,
				052F7C5521DCCD8300A91B3D /* Resources */,
			);
			path = App;
			sourceTree = "<group>";
		};
		052F7C9221DEFD1B00A91B3D /* Reader */ = {
			isa = PBXGroup;
			children = (
				057EC408222B718700A46F6E /* Views */,
				052F7C9321DEFEAC00A91B3D /* Controllers */,
				052F7C9521DEFEAC00A91B3D /* Models */,
				052F7C9421DEFEAC00A91B3D /* Protocols */,
				052F7C9621DEFEAC00A91B3D /* View Models */,
			);
			path = Reader;
			sourceTree = "<group>";
		};
		052F7C9321DEFEAC00A91B3D /* Controllers */ = {
			isa = PBXGroup;
			children = (
				057EC4002227C62800A46F6E /* ReaderViewController.swift */,
				057EC4042227C68D00A46F6E /* ReaderChapterCollectionViewController.swift */,
			);
			path = Controllers;
			sourceTree = "<group>";
		};
		052F7C9421DEFEAC00A91B3D /* Protocols */ = {
			isa = PBXGroup;
			children = (
				0533A3B92215262D0062FDDD /* DetailedChapterProtocol.swift */,
			);
			path = Protocols;
			sourceTree = "<group>";
		};
		052F7C9521DEFEAC00A91B3D /* Models */ = {
			isa = PBXGroup;
			children = (
				058858BF2231D4DD00400320 /* ChapterPersist.swift */,
			);
			path = Models;
			sourceTree = "<group>";
		};
		052F7C9621DEFEAC00A91B3D /* View Models */ = {
			isa = PBXGroup;
			children = (
				0533A3B72214BC4E0062FDDD /* ReaderViewModel.swift */,
				058858BD2231D44300400320 /* ReaderChapterViewModel.swift */,
			);
			path = "View Models";
			sourceTree = "<group>";
		};
		052F7C9721DEFEBE00A91B3D /* Models */ = {
			isa = PBXGroup;
			children = (
			);
			path = Models;
			sourceTree = "<group>";
		};
		052F7C9821DEFEBE00A91B3D /* View Models */ = {
			isa = PBXGroup;
			children = (
			);
			path = "View Models";
			sourceTree = "<group>";
		};
		052F7C9921DEFEBE00A91B3D /* Controllers */ = {
			isa = PBXGroup;
			children = (
				052F7C4D21DCCCEF00A91B3D /* LibraryViewController.swift */,
			);
			path = Controllers;
			sourceTree = "<group>";
		};
		052F7C9A21DEFEBE00A91B3D /* Protocols */ = {
			isa = PBXGroup;
			children = (
			);
			path = Protocols;
			sourceTree = "<group>";
		};
		052F7C9B21DEFEC600A91B3D /* Protocols */ = {
			isa = PBXGroup;
			children = (
			);
			path = Protocols;
			sourceTree = "<group>";
		};
		052F7C9C21DEFEC600A91B3D /* Controllers */ = {
			isa = PBXGroup;
			children = (
				052F7C4F21DCCCFC00A91B3D /* SearchViewController.swift */,
			);
			path = Controllers;
			sourceTree = "<group>";
		};
		052F7C9D21DEFEC600A91B3D /* View Models */ = {
			isa = PBXGroup;
			children = (
			);
			path = "View Models";
			sourceTree = "<group>";
		};
		052F7C9E21DEFEC600A91B3D /* Models */ = {
			isa = PBXGroup;
			children = (
			);
			path = Models;
			sourceTree = "<group>";
		};
		052F7C9F21DEFECF00A91B3D /* Protocols */ = {
			isa = PBXGroup;
			children = (
			);
			path = Protocols;
			sourceTree = "<group>";
		};
		052F7CA021DEFECF00A91B3D /* Controllers */ = {
			isa = PBXGroup;
			children = (
				052F7C5121DCCD0400A91B3D /* SettingsViewController.swift */,
			);
			path = Controllers;
			sourceTree = "<group>";
		};
		052F7CA121DEFECF00A91B3D /* Models */ = {
			isa = PBXGroup;
			children = (
			);
			path = Models;
			sourceTree = "<group>";
		};
		052F7CA221DEFECF00A91B3D /* View Models */ = {
			isa = PBXGroup;
			children = (
			);
			path = "View Models";
			sourceTree = "<group>";
		};
		052F7CA721E0655800A91B3D /* Feed */ = {
			isa = PBXGroup;
			children = (
				052F7CAA21E0658700A91B3D /* FeedViewModelTest.swift */,
			);
			path = Feed;
			sourceTree = "<group>";
		};
		052F7CBA21E33EAF00A91B3D /* Views */ = {
			isa = PBXGroup;
			children = (
				052F7CC021E341B000A91B3D /* CarouselCell.swift */,
			);
			path = Views;
			sourceTree = "<group>";
		};
		052F7CBD21E33F3C00A91B3D /* Configuration */ = {
			isa = PBXGroup;
			children = (
				052F7CBE21E33F4C00A91B3D /* MangaDot.swift */,
				052F7CD921E61DC700A91B3D /* ShadowOptions.swift */,
			);
			path = Configuration;
			sourceTree = "<group>";
		};
		052F7CCA21E444FD00A91B3D /* Shared Views */ = {
			isa = PBXGroup;
			children = (
				052F7CD121E60E2000A91B3D /* ShadowCoverView.swift */,
				057EC4062228F8FE00A46F6E /* PassThroughTableView.swift */,
				0510CA1021F9981800F73E1F /* BorderCoverView.swift */,
				0510CA0C21F985C100F73E1F /* LargeTitleView.swift */,
				05CB5AB221FADA7F008747C0 /* TagView.swift */,
				05A40B7A21FC62AE0085C2DF /* TagListView.swift */,
				052F7CDB21E61E0E00A91B3D /* DropShadowView.swift */,
				052F7CCD21E4470C00A91B3D /* SeparatedStackView.swift */,
				052F7CE021E7280A00A91B3D /* StripedStackView.swift */,
				052F7CCB21E4452500A91B3D /* SeparatorView.swift */,
				05500656220988B500739EDF /* RoundedTranslucentButton.swift */,
				05C2F436220FDC49004B0FEF /* RoundedButton.swift */,
				0533A3B52212EA560062FDDD /* TranslucentView.swift */,
			);
			path = "Shared Views";
			sourceTree = "<group>";
		};
		052F7CD421E60F4B00A91B3D /* Nuke Config */ = {
			isa = PBXGroup;
			children = (
				052F7CD521E60F6000A91B3D /* NukeConfig.swift */,
			);
			path = "Nuke Config";
			sourceTree = "<group>";
		};
		052F7CDD21E6243200A91B3D /* Utility */ = {
			isa = PBXGroup;
			children = (
				052F7CDE21E6248E00A91B3D /* Inset.swift */,
				052F7CF221EAEB3D00A91B3D /* SortOrder.swift */,
			);
			path = Utility;
			sourceTree = "<group>";
		};
		052F7CE221E74DBD00A91B3D /* TitleInfo */ = {
			isa = PBXGroup;
			children = (
				052FEB1222309D920089185F /* Transitions */,
				052F7CE721E74DD300A91B3D /* Controllers */,
				052F7CE621E74DD200A91B3D /* Models */,
				052F7CE521E74DD100A91B3D /* Protocols */,
				052F7CE421E74DD000A91B3D /* View Models */,
				052F7CE321E74DCA00A91B3D /* Views */,
			);
			path = TitleInfo;
			sourceTree = "<group>";
		};
		052F7CE321E74DCA00A91B3D /* Views */ = {
			isa = PBXGroup;
			children = (
				052F7CF821EBF89300A91B3D /* GradientTableView.swift */,
				05C2F42E220D5CBD004B0FEF /* TitleInfoChapterCell.swift */,
				05C2F430220D6843004B0FEF /* ChapterVolumeView.swift */,
				05C2F432220E76C6004B0FEF /* FlipBoardView.swift */,
			);
			path = Views;
			sourceTree = "<group>";
		};
		052F7CE421E74DD000A91B3D /* View Models */ = {
			isa = PBXGroup;
			children = (
				052F7CF621EBF64D00A91B3D /* TitleInfoViewModel.swift */,
				05C2F434220F9CBD004B0FEF /* TitleInfoChapterViewModel.swift */,
			);
			path = "View Models";
			sourceTree = "<group>";
		};
		052F7CE521E74DD100A91B3D /* Protocols */ = {
			isa = PBXGroup;
			children = (
				052F7CEC21E9C62000A91B3D /* TitleInfoProtocol.swift */,
				052F7CEE21E9C70B00A91B3D /* BasicChapterProtocol.swift */,
			);
			path = Protocols;
			sourceTree = "<group>";
		};
		052F7CE621E74DD200A91B3D /* Models */ = {
			isa = PBXGroup;
			children = (
				052F7CF021EACF0A00A91B3D /* TitleInfoPersist.swift */,
				052F7CF421EB19FD00A91B3D /* BasicChapterPersist.swift */,
			);
			path = Models;
			sourceTree = "<group>";
		};
		052F7CE721E74DD300A91B3D /* Controllers */ = {
			isa = PBXGroup;
			children = (
				052F7CE821E74E0900A91B3D /* TitleInfoContainerViewController.swift */,
				052F7CFE21ED631000A91B3D /* TitleInfoSideBarViewController.swift */,
				052F7D0021EDE2C400A91B3D /* TitleInfoMainViewController.swift */,
			);
			path = Controllers;
			sourceTree = "<group>";
		};
		052FEB1222309D920089185F /* Transitions */ = {
			isa = PBXGroup;
			children = (
				055006522207BF8600739EDF /* TitleDismissAnimationController.swift */,
				052FEB1322309DCA0089185F /* SwipeInteractionController.swift */,
			);
			path = Transitions;
			sourceTree = "<group>";
		};
		057EC408222B718700A46F6E /* Views */ = {
			isa = PBXGroup;
			children = (
				057EC409222B71A600A46F6E /* ReaderPageCell.swift */,
			);
			path = Views;
			sourceTree = "<group>";
		};
		059CF90E21D4ED100091B848 = {
			isa = PBXGroup;
			children = (
				052F7C0121DCC74900A91B3D /* Cartfile */,
				059CF91921D4ED100091B848 /* MangaDot */,
				059CF92E21D4ED120091B848 /* MangaDotTests */,
				052F7C2D21DCCA9D00A91B3D /* Frameworks */,
				059CF91821D4ED100091B848 /* Products */,
			);
			sourceTree = "<group>";
		};
		059CF91821D4ED100091B848 /* Products */ = {
			isa = PBXGroup;
			children = (
				059CF91721D4ED100091B848 /* MangaDot.app */,
				059CF92B21D4ED120091B848 /* MangaDotTests.xctest */,
			);
			name = Products;
			sourceTree = "<group>";
		};
		059CF91921D4ED100091B848 /* MangaDot */ = {
			isa = PBXGroup;
			children = (
				052FEB152230D1770089185F /* MangaDot.entitlements */,
				052F7C9021DEFB9E00A91B3D /* Root */,
				052F7C9221DEFD1B00A91B3D /* Reader */,
				052F7C8221DEFAAC00A91B3D /* Feed */,
				052F7CE221E74DBD00A91B3D /* TitleInfo */,
				052F7C8F21DEFB8E00A91B3D /* Library */,
				052F7C8D21DEFB8D00A91B3D /* Search */,
				052F7C8E21DEFB8E00A91B3D /* Settings */,
				052F7BFE21DCC68400A91B3D /* World */,
				052F7C0421DCC8AE00A91B3D /* Source */,
				052F7CBD21E33F3C00A91B3D /* Configuration */,
				052F7CCA21E444FD00A91B3D /* Shared Views */,
				052F7CDD21E6243200A91B3D /* Utility */,
				052F7C5921DCCE5E00A91B3D /* Extensions */,
				052F7C9121DEFCEC00A91B3D /* App */,
			);
			path = MangaDot;
			sourceTree = "<group>";
		};
		059CF92E21D4ED120091B848 /* MangaDotTests */ = {
			isa = PBXGroup;
			children = (
				052F7C7921DDEA6D00A91B3D /* Extensions */,
				052F7C7821DDEA5800A91B3D /* Stubs */,
				052F7C7721DDEA4500A91B3D /* Test Cases */,
				059CF92F21D4ED120091B848 /* MangaDotTests.swift */,
				059CF93121D4ED120091B848 /* Info.plist */,
			);
			path = MangaDotTests;
			sourceTree = "<group>";
		};
		05A40B8022003F280085C2DF /* Transitions */ = {
			isa = PBXGroup;
			children = (
				055006502207BF7C00739EDF /* TitlePresentAnimationController.swift */,
			);
			path = Transitions;
			sourceTree = "<group>";
		};
/* End PBXGroup section */

/* Begin PBXNativeTarget section */
		059CF91621D4ED100091B848 /* MangaDot */ = {
			isa = PBXNativeTarget;
			buildConfigurationList = 059CF93421D4ED120091B848 /* Build configuration list for PBXNativeTarget "MangaDot" */;
			buildPhases = (
				059CF91321D4ED100091B848 /* Sources */,
				059CF91421D4ED100091B848 /* Frameworks */,
				059CF91521D4ED100091B848 /* Resources */,
				052F7C0321DCC79E00A91B3D /* ShellScript */,
			);
			buildRules = (
			);
			dependencies = (
			);
			name = MangaDot;
			productName = MangaDot;
			productReference = 059CF91721D4ED100091B848 /* MangaDot.app */;
			productType = "com.apple.product-type.application";
		};
		059CF92A21D4ED120091B848 /* MangaDotTests */ = {
			isa = PBXNativeTarget;
			buildConfigurationList = 059CF93721D4ED120091B848 /* Build configuration list for PBXNativeTarget "MangaDotTests" */;
			buildPhases = (
				059CF92721D4ED120091B848 /* Sources */,
				059CF92821D4ED120091B848 /* Frameworks */,
				059CF92921D4ED120091B848 /* Resources */,
			);
			buildRules = (
			);
			dependencies = (
				059CF92D21D4ED120091B848 /* PBXTargetDependency */,
			);
			name = MangaDotTests;
			productName = MangaDotTests;
			productReference = 059CF92B21D4ED120091B848 /* MangaDotTests.xctest */;
			productType = "com.apple.product-type.bundle.unit-test";
		};
/* End PBXNativeTarget section */

/* Begin PBXProject section */
		059CF90F21D4ED100091B848 /* Project object */ = {
			isa = PBXProject;
			attributes = {
				LastSwiftUpdateCheck = 1010;
				LastUpgradeCheck = 1010;
				ORGANIZATIONNAME = "Jian Chao Man";
				TargetAttributes = {
					059CF91621D4ED100091B848 = {
						CreatedOnToolsVersion = 10.1;
						SystemCapabilities = {
							com.apple.Push = {
								enabled = 1;
							};
							com.apple.iCloud = {
								enabled = 1;
							};
						};
					};
					059CF92A21D4ED120091B848 = {
						CreatedOnToolsVersion = 10.1;
						TestTargetID = 059CF91621D4ED100091B848;
					};
				};
			};
			buildConfigurationList = 059CF91221D4ED100091B848 /* Build configuration list for PBXProject "MangaDot" */;
			compatibilityVersion = "Xcode 9.3";
			developmentRegion = en;
			hasScannedForEncodings = 0;
			knownRegions = (
				en,
				Base,
			);
			mainGroup = 059CF90E21D4ED100091B848;
			productRefGroup = 059CF91821D4ED100091B848 /* Products */;
			projectDirPath = "";
			projectRoot = "";
			targets = (
				059CF91621D4ED100091B848 /* MangaDot */,
				059CF92A21D4ED120091B848 /* MangaDotTests */,
			);
		};
/* End PBXProject section */

/* Begin PBXResourcesBuildPhase section */
		059CF91521D4ED100091B848 /* Resources */ = {
			isa = PBXResourcesBuildPhase;
			buildActionMask = 2147483647;
			files = (
				052F7C0221DCC74A00A91B3D /* Cartfile in Resources */,
				052F7C5821DCCDC600A91B3D /* Localizable.strings in Resources */,
				059CF92521D4ED120091B848 /* LaunchScreen.storyboard in Resources */,
				059CF92221D4ED120091B848 /* Assets.xcassets in Resources */,
			);
			runOnlyForDeploymentPostprocessing = 0;
		};
		059CF92921D4ED120091B848 /* Resources */ = {
			isa = PBXResourcesBuildPhase;
			buildActionMask = 2147483647;
			files = (
				052F7C8121DDED1900A91B3D /* MangadexFeed.html in Resources */,
				05CB5AB721FAE19B008747C0 /* MangadexTitleInfo.json in Resources */,
			);
			runOnlyForDeploymentPostprocessing = 0;
		};
/* End PBXResourcesBuildPhase section */

/* Begin PBXShellScriptBuildPhase section */
		052F7C0321DCC79E00A91B3D /* ShellScript */ = {
			isa = PBXShellScriptBuildPhase;
			buildActionMask = 2147483647;
			files = (
			);
			inputFileListPaths = (
			);
			inputPaths = (
			);
			outputFileListPaths = (
			);
			outputPaths = (
			);
			runOnlyForDeploymentPostprocessing = 0;
			shellPath = /bin/sh;
			shellScript = "# Type a script or drag a script file from your workspace to insert its path.\n/Users/cman/bin/carttool copy-frameworks\n";
		};
/* End PBXShellScriptBuildPhase section */

/* Begin PBXSourcesBuildPhase section */
		059CF91321D4ED100091B848 /* Sources */ = {
			isa = PBXSourcesBuildPhase;
			buildActionMask = 2147483647;
			files = (
				0533A3BC221527800062FDDD /* MangadexChapter.swift in Sources */,
				057EC4052227C68D00A46F6E /* ReaderChapterCollectionViewController.swift in Sources */,
				052F7CCE21E4470C00A91B3D /* SeparatedStackView.swift in Sources */,
				052F7CCC21E4452500A91B3D /* SeparatorView.swift in Sources */,
				057EC40A222B71A600A46F6E /* ReaderPageCell.swift in Sources */,
				052F7C0021DCC68B00A91B3D /* World.swift in Sources */,
				055006552209305F00739EDF /* CarouselParent.swift in Sources */,
				052F7CC321E3431B00A91B3D /* CarouselViewModel.swift in Sources */,
				05C2F435220F9CBD004B0FEF /* TitleInfoChapterViewModel.swift in Sources */,
				052FEB1422309DCA0089185F /* SwipeInteractionController.swift in Sources */,
				052F7CBF21E33F4C00A91B3D /* MangaDot.swift in Sources */,
				055006532207BF8600739EDF /* TitleDismissAnimationController.swift in Sources */,
				052F7CEB21E9C59200A91B3D /* MangadexTitleInfo.swift in Sources */,
				052F7CF521EB19FD00A91B3D /* BasicChapterPersist.swift in Sources */,
				052F7CFF21ED631000A91B3D /* TitleInfoSideBarViewController.swift in Sources */,
				05C2F437220FDC49004B0FEF /* RoundedButton.swift in Sources */,
				052F7CE921E74E0900A91B3D /* TitleInfoContainerViewController.swift in Sources */,
				0510CA0F21F98B3900F73E1F /* DateFormatter.swift in Sources */,
				052F7C5021DCCCFC00A91B3D /* SearchViewController.swift in Sources */,
				0533A3B62212EA560062FDDD /* TranslucentView.swift in Sources */,
				052F7C8C21DEFB6400A91B3D /* SectionProtocol.swift in Sources */,
				058858BE2231D44300400320 /* ReaderChapterViewModel.swift in Sources */,
				0510CA1121F9981800F73E1F /* BorderCoverView.swift in Sources */,
				052F7CE121E7280A00A91B3D /* StripedStackView.swift in Sources */,
				058858C22231E1E500400320 /* Nuke.swift in Sources */,
				05CB5AB321FADA7F008747C0 /* TagView.swift in Sources */,
				052F7CDA21E61DC700A91B3D /* ShadowOptions.swift in Sources */,
				052F7C7321DDBF5200A91B3D /* MangadexFeed.swift in Sources */,
				052F7C5B21DCCE7100A91B3D /* String.swift in Sources */,
				052F7CD821E61D9800A91B3D /* CALayer.swift in Sources */,
				052F7CA421DF260A00A91B3D /* FeedViewModel.swift in Sources */,
				059CF91B21D4ED100091B848 /* AppDelegate.swift in Sources */,
				052F7CF721EBF64D00A91B3D /* TitleInfoViewModel.swift in Sources */,
				052F7C4A21DCCC0E00A91B3D /* RootViewController.swift in Sources */,
				052F7CED21E9C62000A91B3D /* TitleInfoProtocol.swift in Sources */,
				052F7CA621DF2EC400A91B3D /* Sources.swift in Sources */,
				052F7C8A21DEFB6400A91B3D /* FeedProtocol.swift in Sources */,
				052F7CF121EACF0A00A91B3D /* TitleInfoPersist.swift in Sources */,
				052F7CEF21E9C70B00A91B3D /* BasicChapterProtocol.swift in Sources */,
				05C2F433220E76C6004B0FEF /* FlipBoardView.swift in Sources */,
				052F7CF321EAEB3D00A91B3D /* SortOrder.swift in Sources */,
				0510CA0D21F985C100F73E1F /* LargeTitleView.swift in Sources */,
				05C2F42F220D5CBD004B0FEF /* TitleInfoChapterCell.swift in Sources */,
				052F7C0721DCC8D300A91B3D /* Mangadex.swift in Sources */,
				052F7CF921EBF89300A91B3D /* GradientTableView.swift in Sources */,
				0533A3B82214BC4E0062FDDD /* ReaderViewModel.swift in Sources */,
				052F7CDC21E61E0E00A91B3D /* DropShadowView.swift in Sources */,
				05C2F431220D6843004B0FEF /* ChapterVolumeView.swift in Sources */,
				05A40B7B21FC62AE0085C2DF /* TagListView.swift in Sources */,
				057EC4072228F8FE00A46F6E /* PassThroughTableView.swift in Sources */,
				052F7C7621DDE91B00A91B3D /* MangadexGenre.swift in Sources */,
				052F7C4E21DCCCEF00A91B3D /* LibraryViewController.swift in Sources */,
				052F7C8B21DEFB6400A91B3D /* BasicTitleProtocol.swift in Sources */,
				052F7C4C21DCCCDB00A91B3D /* FeedViewController.swift in Sources */,
				052F7D0121EDE2C400A91B3D /* TitleInfoMainViewController.swift in Sources */,
				052F7C5221DCCD0400A91B3D /* SettingsViewController.swift in Sources */,
				052F7CDF21E6248E00A91B3D /* Inset.swift in Sources */,
				057EC4012227C62800A46F6E /* ReaderViewController.swift in Sources */,
				0510CA0B21F96F8000F73E1F /* NukeWrapper.swift in Sources */,
				052F7CD621E60F6000A91B3D /* NukeConfig.swift in Sources */,
				052F7CD221E60E2000A91B3D /* ShadowCoverView.swift in Sources */,
				0533A3BA2215262D0062FDDD /* DetailedChapterProtocol.swift in Sources */,
				057EC40F222DEF1400A46F6E /* UIViewController.swift in Sources */,
				052F7CBC21E33EF500A91B3D /* CarouselViewController.swift in Sources */,
				052F7CB921E0DA0700A91B3D /* UIAlertController.swift in Sources */,
				058858C02231D4DD00400320 /* ChapterPersist.swift in Sources */,
				052F7CC121E341B000A91B3D /* CarouselCell.swift in Sources */,
				055006512207BF7C00739EDF /* TitlePresentAnimationController.swift in Sources */,
				05500657220988B500739EDF /* RoundedTranslucentButton.swift in Sources */,
			);
			runOnlyForDeploymentPostprocessing = 0;
		};
		059CF92721D4ED120091B848 /* Sources */ = {
			isa = PBXSourcesBuildPhase;
			buildActionMask = 2147483647;
			files = (
				05CB5AB521FAE0FD008747C0 /* MangadexTitleInfoTest.swift in Sources */,
				052F7C7B21DDEA7C00A91B3D /* XCTest.swift in Sources */,
				052F7C7E21DDEAC300A91B3D /* MangadexFeedTests.swift in Sources */,
				052F7CAB21E0658700A91B3D /* FeedViewModelTest.swift in Sources */,
				059CF93021D4ED120091B848 /* MangaDotTests.swift in Sources */,
			);
			runOnlyForDeploymentPostprocessing = 0;
		};
/* End PBXSourcesBuildPhase section */

/* Begin PBXTargetDependency section */
		059CF92D21D4ED120091B848 /* PBXTargetDependency */ = {
			isa = PBXTargetDependency;
			target = 059CF91621D4ED100091B848 /* MangaDot */;
			targetProxy = 059CF92C21D4ED120091B848 /* PBXContainerItemProxy */;
		};
/* End PBXTargetDependency section */

/* Begin PBXVariantGroup section */
		059CF92321D4ED120091B848 /* LaunchScreen.storyboard */ = {
			isa = PBXVariantGroup;
			children = (
				059CF92421D4ED120091B848 /* Base */,
			);
			name = LaunchScreen.storyboard;
			sourceTree = "<group>";
		};
/* End PBXVariantGroup section */

/* Begin XCBuildConfiguration section */
		059CF93221D4ED120091B848 /* Debug */ = {
			isa = XCBuildConfiguration;
			buildSettings = {
				ALWAYS_SEARCH_USER_PATHS = NO;
				CLANG_ANALYZER_NONNULL = YES;
				CLANG_ANALYZER_NUMBER_OBJECT_CONVERSION = YES_AGGRESSIVE;
				CLANG_CXX_LANGUAGE_STANDARD = "gnu++14";
				CLANG_CXX_LIBRARY = "libc++";
				CLANG_ENABLE_MODULES = YES;
				CLANG_ENABLE_OBJC_ARC = YES;
				CLANG_ENABLE_OBJC_WEAK = YES;
				CLANG_WARN_BLOCK_CAPTURE_AUTORELEASING = YES;
				CLANG_WARN_BOOL_CONVERSION = YES;
				CLANG_WARN_COMMA = YES;
				CLANG_WARN_CONSTANT_CONVERSION = YES;
				CLANG_WARN_DEPRECATED_OBJC_IMPLEMENTATIONS = YES;
				CLANG_WARN_DIRECT_OBJC_ISA_USAGE = YES_ERROR;
				CLANG_WARN_DOCUMENTATION_COMMENTS = YES;
				CLANG_WARN_EMPTY_BODY = YES;
				CLANG_WARN_ENUM_CONVERSION = YES;
				CLANG_WARN_INFINITE_RECURSION = YES;
				CLANG_WARN_INT_CONVERSION = YES;
				CLANG_WARN_NON_LITERAL_NULL_CONVERSION = YES;
				CLANG_WARN_OBJC_IMPLICIT_RETAIN_SELF = YES;
				CLANG_WARN_OBJC_LITERAL_CONVERSION = YES;
				CLANG_WARN_OBJC_ROOT_CLASS = YES_ERROR;
				CLANG_WARN_RANGE_LOOP_ANALYSIS = YES;
				CLANG_WARN_STRICT_PROTOTYPES = YES;
				CLANG_WARN_SUSPICIOUS_MOVE = YES;
				CLANG_WARN_UNGUARDED_AVAILABILITY = YES_AGGRESSIVE;
				CLANG_WARN_UNREACHABLE_CODE = YES;
				CLANG_WARN__DUPLICATE_METHOD_MATCH = YES;
				CODE_SIGN_IDENTITY = "iPhone Developer";
				COPY_PHASE_STRIP = NO;
				DEBUG_INFORMATION_FORMAT = dwarf;
				ENABLE_STRICT_OBJC_MSGSEND = YES;
				ENABLE_TESTABILITY = YES;
				GCC_C_LANGUAGE_STANDARD = gnu11;
				GCC_DYNAMIC_NO_PIC = NO;
				GCC_NO_COMMON_BLOCKS = YES;
				GCC_OPTIMIZATION_LEVEL = 0;
				GCC_PREPROCESSOR_DEFINITIONS = (
					"DEBUG=1",
					"$(inherited)",
				);
				GCC_WARN_64_TO_32_BIT_CONVERSION = YES;
				GCC_WARN_ABOUT_RETURN_TYPE = YES_ERROR;
				GCC_WARN_UNDECLARED_SELECTOR = YES;
				GCC_WARN_UNINITIALIZED_AUTOS = YES_AGGRESSIVE;
				GCC_WARN_UNUSED_FUNCTION = YES;
				GCC_WARN_UNUSED_VARIABLE = YES;
				IPHONEOS_DEPLOYMENT_TARGET = 12.1;
				MTL_ENABLE_DEBUG_INFO = INCLUDE_SOURCE;
				MTL_FAST_MATH = YES;
				ONLY_ACTIVE_ARCH = YES;
				SDKROOT = iphoneos;
				SWIFT_ACTIVE_COMPILATION_CONDITIONS = DEBUG;
				SWIFT_OPTIMIZATION_LEVEL = "-Onone";
			};
			name = Debug;
		};
		059CF93321D4ED120091B848 /* Release */ = {
			isa = XCBuildConfiguration;
			buildSettings = {
				ALWAYS_SEARCH_USER_PATHS = NO;
				CLANG_ANALYZER_NONNULL = YES;
				CLANG_ANALYZER_NUMBER_OBJECT_CONVERSION = YES_AGGRESSIVE;
				CLANG_CXX_LANGUAGE_STANDARD = "gnu++14";
				CLANG_CXX_LIBRARY = "libc++";
				CLANG_ENABLE_MODULES = YES;
				CLANG_ENABLE_OBJC_ARC = YES;
				CLANG_ENABLE_OBJC_WEAK = YES;
				CLANG_WARN_BLOCK_CAPTURE_AUTORELEASING = YES;
				CLANG_WARN_BOOL_CONVERSION = YES;
				CLANG_WARN_COMMA = YES;
				CLANG_WARN_CONSTANT_CONVERSION = YES;
				CLANG_WARN_DEPRECATED_OBJC_IMPLEMENTATIONS = YES;
				CLANG_WARN_DIRECT_OBJC_ISA_USAGE = YES_ERROR;
				CLANG_WARN_DOCUMENTATION_COMMENTS = YES;
				CLANG_WARN_EMPTY_BODY = YES;
				CLANG_WARN_ENUM_CONVERSION = YES;
				CLANG_WARN_INFINITE_RECURSION = YES;
				CLANG_WARN_INT_CONVERSION = YES;
				CLANG_WARN_NON_LITERAL_NULL_CONVERSION = YES;
				CLANG_WARN_OBJC_IMPLICIT_RETAIN_SELF = YES;
				CLANG_WARN_OBJC_LITERAL_CONVERSION = YES;
				CLANG_WARN_OBJC_ROOT_CLASS = YES_ERROR;
				CLANG_WARN_RANGE_LOOP_ANALYSIS = YES;
				CLANG_WARN_STRICT_PROTOTYPES = YES;
				CLANG_WARN_SUSPICIOUS_MOVE = YES;
				CLANG_WARN_UNGUARDED_AVAILABILITY = YES_AGGRESSIVE;
				CLANG_WARN_UNREACHABLE_CODE = YES;
				CLANG_WARN__DUPLICATE_METHOD_MATCH = YES;
				CODE_SIGN_IDENTITY = "iPhone Developer";
				COPY_PHASE_STRIP = NO;
				DEBUG_INFORMATION_FORMAT = "dwarf-with-dsym";
				ENABLE_NS_ASSERTIONS = NO;
				ENABLE_STRICT_OBJC_MSGSEND = YES;
				GCC_C_LANGUAGE_STANDARD = gnu11;
				GCC_NO_COMMON_BLOCKS = YES;
				GCC_WARN_64_TO_32_BIT_CONVERSION = YES;
				GCC_WARN_ABOUT_RETURN_TYPE = YES_ERROR;
				GCC_WARN_UNDECLARED_SELECTOR = YES;
				GCC_WARN_UNINITIALIZED_AUTOS = YES_AGGRESSIVE;
				GCC_WARN_UNUSED_FUNCTION = YES;
				GCC_WARN_UNUSED_VARIABLE = YES;
				IPHONEOS_DEPLOYMENT_TARGET = 12.1;
				MTL_ENABLE_DEBUG_INFO = NO;
				MTL_FAST_MATH = YES;
				SDKROOT = iphoneos;
				SWIFT_COMPILATION_MODE = wholemodule;
				SWIFT_OPTIMIZATION_LEVEL = "-O";
				VALIDATE_PRODUCT = YES;
			};
			name = Release;
		};
		059CF93521D4ED120091B848 /* Debug */ = {
			isa = XCBuildConfiguration;
			buildSettings = {
				ASSETCATALOG_COMPILER_APPICON_NAME = AppIcon;
				CODE_SIGN_ENTITLEMENTS = MangaDot/MangaDot.entitlements;
				CODE_SIGN_STYLE = Automatic;
				DEVELOPMENT_TEAM = UY98EYPB8G;
				FRAMEWORK_SEARCH_PATHS = (
					"$(inherited)",
					"$(PROJECT_DIR)/Carthage/Build/iOS",
				);
				INFOPLIST_FILE = MangaDot/App/Info.plist;
				LD_RUNPATH_SEARCH_PATHS = (
					"$(inherited)",
					"@executable_path/Frameworks",
				);
				PRODUCT_BUNDLE_IDENTIFIER = Chaomander.MangaDot;
				PRODUCT_NAME = "$(TARGET_NAME)";
				SWIFT_VERSION = 4.2;
				TARGETED_DEVICE_FAMILY = 2;
			};
			name = Debug;
		};
		059CF93621D4ED120091B848 /* Release */ = {
			isa = XCBuildConfiguration;
			buildSettings = {
				ASSETCATALOG_COMPILER_APPICON_NAME = AppIcon;
				CODE_SIGN_ENTITLEMENTS = MangaDot/MangaDot.entitlements;
				CODE_SIGN_STYLE = Automatic;
				DEVELOPMENT_TEAM = UY98EYPB8G;
				FRAMEWORK_SEARCH_PATHS = (
					"$(inherited)",
					"$(PROJECT_DIR)/Carthage/Build/iOS",
				);
				INFOPLIST_FILE = MangaDot/App/Info.plist;
				LD_RUNPATH_SEARCH_PATHS = (
					"$(inherited)",
					"@executable_path/Frameworks",
				);
				PRODUCT_BUNDLE_IDENTIFIER = Chaomander.MangaDot;
				PRODUCT_NAME = "$(TARGET_NAME)";
				SWIFT_VERSION = 4.2;
				TARGETED_DEVICE_FAMILY = 2;
			};
			name = Release;
		};
		059CF93821D4ED120091B848 /* Debug */ = {
			isa = XCBuildConfiguration;
			buildSettings = {
				ALWAYS_EMBED_SWIFT_STANDARD_LIBRARIES = YES;
				BUNDLE_LOADER = "$(TEST_HOST)";
				CODE_SIGN_STYLE = Automatic;
				DEVELOPMENT_TEAM = UY98EYPB8G;
				FRAMEWORK_SEARCH_PATHS = (
					"$(inherited)",
					"$(PROJECT_DIR)/Carthage/Build/iOS",
				);
				INFOPLIST_FILE = MangaDotTests/Info.plist;
				LD_RUNPATH_SEARCH_PATHS = (
					"$(inherited)",
					"@executable_path/Frameworks",
					"@loader_path/Frameworks",
				);
				PRODUCT_BUNDLE_IDENTIFIER = Chaomander.MangaDotTests;
				PRODUCT_NAME = "$(TARGET_NAME)";
				SWIFT_VERSION = 4.2;
				TARGETED_DEVICE_FAMILY = "1,2";
				TEST_HOST = "$(BUILT_PRODUCTS_DIR)/MangaDot.app/MangaDot";
			};
			name = Debug;
		};
		059CF93921D4ED120091B848 /* Release */ = {
			isa = XCBuildConfiguration;
			buildSettings = {
				ALWAYS_EMBED_SWIFT_STANDARD_LIBRARIES = YES;
				BUNDLE_LOADER = "$(TEST_HOST)";
				CODE_SIGN_STYLE = Automatic;
				DEVELOPMENT_TEAM = UY98EYPB8G;
				FRAMEWORK_SEARCH_PATHS = (
					"$(inherited)",
					"$(PROJECT_DIR)/Carthage/Build/iOS",
				);
				INFOPLIST_FILE = MangaDotTests/Info.plist;
				LD_RUNPATH_SEARCH_PATHS = (
					"$(inherited)",
					"@executable_path/Frameworks",
					"@loader_path/Frameworks",
				);
				PRODUCT_BUNDLE_IDENTIFIER = Chaomander.MangaDotTests;
				PRODUCT_NAME = "$(TARGET_NAME)";
				SWIFT_VERSION = 4.2;
				TARGETED_DEVICE_FAMILY = "1,2";
				TEST_HOST = "$(BUILT_PRODUCTS_DIR)/MangaDot.app/MangaDot";
			};
			name = Release;
		};
/* End XCBuildConfiguration section */

/* Begin XCConfigurationList section */
		059CF91221D4ED100091B848 /* Build configuration list for PBXProject "MangaDot" */ = {
			isa = XCConfigurationList;
			buildConfigurations = (
				059CF93221D4ED120091B848 /* Debug */,
				059CF93321D4ED120091B848 /* Release */,
			);
			defaultConfigurationIsVisible = 0;
			defaultConfigurationName = Release;
		};
		059CF93421D4ED120091B848 /* Build configuration list for PBXNativeTarget "MangaDot" */ = {
			isa = XCConfigurationList;
			buildConfigurations = (
				059CF93521D4ED120091B848 /* Debug */,
				059CF93621D4ED120091B848 /* Release */,
			);
			defaultConfigurationIsVisible = 0;
			defaultConfigurationName = Release;
		};
		059CF93721D4ED120091B848 /* Build configuration list for PBXNativeTarget "MangaDotTests" */ = {
			isa = XCConfigurationList;
			buildConfigurations = (
				059CF93821D4ED120091B848 /* Debug */,
				059CF93921D4ED120091B848 /* Release */,
			);
			defaultConfigurationIsVisible = 0;
			defaultConfigurationName = Release;
		};
/* End XCConfigurationList section */
	};
	rootObject = 059CF90F21D4ED100091B848 /* Project object */;
}
